
Microsoft Visual Studio Solution File, Format Version 12.00
# Visual Studio Version 16
VisualStudioVersion = 16.0.30406.217
MinimumVisualStudioVersion = 10.0.40219.1
Project("{FAE04EC0-301F-11D3-BF4B-00C04F79EFBC}") = "DictionaryAssistant", "DictionaryAssistant\DictionaryAssistant.csproj", "{4FFB6D22-1FBC-4F7B-A9AA-EDCF8BFADE3C}"
EndProject
Project("{FAE04EC0-301F-11D3-BF4B-00C04F79EFBC}") = "DictionaryAssistant.Tests", "DictionaryAssistant.Tests\DictionaryAssistant.Tests.csproj", "{C061A0C3-275E-4228-936F-58532EE0C502}"
EndProject
Global
	GlobalSection(SolutionConfigurationPlatforms) = preSolution
		Debug|Any CPU = Debug|Any CPU
		Release|Any CPU = Release|Any CPU
	EndGlobalSection
	GlobalSection(ProjectConfigurationPlatforms) = postSolution
		{4FFB6D22-1FBC-4F7B-A9AA-EDCF8BFADE3C}.Debug|Any CPU.ActiveCfg = Debug|Any CPU
		{4FFB6D22-1FBC-4F7B-A9AA-EDCF8BFADE3C}.Debug|Any CPU.Build.0 = Debug|Any CPU
		{4FFB6D22-1FBC-4F7B-A9AA-EDCF8BFADE3C}.Release|Any CPU.ActiveCfg = Release|Any CPU
		{4FFB6D22-1FBC-4F7B-A9AA-EDCF8BFADE3C}.Release|Any CPU.Build.0 = Release|Any CPU
		{C061A0C3-275E-4228-936F-58532EE0C502}.Debug|Any CPU.ActiveCfg = Debug|Any CPU
		{C061A0C3-275E-4228-936F-58532EE0C502}.Debug|Any CPU.Build.0 = Debug|Any CPU
		{C061A0C3-275E-4228-936F-58532EE0C502}.Release|Any CPU.ActiveCfg = Release|Any CPU
		{C061A0C3-275E-4228-936F-58532EE0C502}.Release|Any CPU.Build.0 = Release|Any CPU
	EndGlobalSection
	GlobalSection(SolutionProperties) = preSolution
		HideSolutionNode = FALSE
	EndGlobalSection
	GlobalSection(ExtensibilityGlobals) = postSolution
		SolutionGuid = {713AB036-D1AF-42B9-AA64-53B0B0AA3D82}
	EndGlobalSection
EndGlobal
